
Microsoft Visual Studio Solution File, Format Version 12.00
# Visual Studio Version 16
VisualStudioVersion = 16.0.31702.278
MinimumVisualStudioVersion = 10.0.40219.1
Project("{FAE04EC0-301F-11D3-BF4B-00C04F79EFBC}") = "IdsConfig", "IdsConfig\IdsConfig.csproj", "{75C19EAA-8A20-4B51-8DB3-801EB5304225}"
EndProject
Project("{FAE04EC0-301F-11D3-BF4B-00C04F79EFBC}") = "IdsWebApi", "IdsWebApi\IdsWebApi.csproj", "{A529A2CF-7B88-49D0-9A14-D3549ACC16CD}"
EndProject
Project("{FAE04EC0-301F-11D3-BF4B-00C04F79EFBC}") = "IdsWebApp", "IdsWebApp\IdsWebApp.csproj", "{8B9891F8-D010-402B-AC37-3B63E5ECD5E3}"
EndProject
Global
	GlobalSection(SolutionConfigurationPlatforms) = preSolution
		Debug|Any CPU = Debug|Any CPU
		Release|Any CPU = Release|Any CPU
	EndGlobalSection
	GlobalSection(ProjectConfigurationPlatforms) = postSolution
		{75C19EAA-8A20-4B51-8DB3-801EB5304225}.Debug|Any CPU.ActiveCfg = Debug|Any CPU
		{75C19EAA-8A20-4B51-8DB3-801EB5304225}.Debug|Any CPU.Build.0 = Debug|Any CPU
		{75C19EAA-8A20-4B51-8DB3-801EB5304225}.Release|Any CPU.ActiveCfg = Release|Any CPU
		{75C19EAA-8A20-4B51-8DB3-801EB5304225}.Release|Any CPU.Build.0 = Release|Any CPU
		{A529A2CF-7B88-49D0-9A14-D3549ACC16CD}.Debug|Any CPU.ActiveCfg = Debug|Any CPU
		{A529A2CF-7B88-49D0-9A14-D3549ACC16CD}.Debug|Any CPU.Build.0 = Debug|Any CPU
		{A529A2CF-7B88-49D0-9A14-D3549ACC16CD}.Release|Any CPU.ActiveCfg = Release|Any CPU
		{A529A2CF-7B88-49D0-9A14-D3549ACC16CD}.Release|Any CPU.Build.0 = Release|Any CPU
		{8B9891F8-D010-402B-AC37-3B63E5ECD5E3}.Debug|Any CPU.ActiveCfg = Debug|Any CPU
		{8B9891F8-D010-402B-AC37-3B63E5ECD5E3}.Debug|Any CPU.Build.0 = Debug|Any CPU
		{8B9891F8-D010-402B-AC37-3B63E5ECD5E3}.Release|Any CPU.ActiveCfg = Release|Any CPU
		{8B9891F8-D010-402B-AC37-3B63E5ECD5E3}.Release|Any CPU.Build.0 = Release|Any CPU
	EndGlobalSection
	GlobalSection(SolutionProperties) = preSolution
		HideSolutionNode = FALSE
	EndGlobalSection
	GlobalSection(ExtensibilityGlobals) = postSolution
		SolutionGuid = {70282559-3C2F-451B-AB80-3A39529A643A}
	EndGlobalSection
EndGlobal
